# This file is automatically @generated by Cargo.
# It is not intended for manual editing.
version = 4

[[package]]
name = "capi-cli"
version = "0.0.0"
dependencies = [
 "capi-driver",
]

[[package]]
name = "capi-common"
version = "0.0.0"

[[package]]
name = "capi-diagnostics"
version = "0.0.0"
dependencies = [
 "capi-common",
]

[[package]]
name = "capi-driver"
version = "0.0.0"
dependencies = [
 "capi-common",
 "capi-diagnostics",
 "capi-session",
]

[[package]]
name = "capi-session"
version = "0.0.0"
dependencies = [
 "capi-diagnostics",
 "capi-source",
]

[[package]]
name = "capi-source"
version = "0.0.0"
dependencies = [
 "capi-common",
]
