# This file is automatically @generated by Cargo.
# It is not intended for manual editing.
version = 4

[[package]]
name = "capi-ast"
version = "0.0.0"
dependencies = [
 "capi-lexer",
 "capi-source",
]

[[package]]
name = "capi-cli"
version = "0.0.0"
dependencies = [
 "capi-driver",
]

[[package]]
name = "capi-common"
version = "0.0.0"

[[package]]
name = "capi-diagnostics"
version = "0.0.0"
dependencies = [
 "capi-common",
 "capi-source",
]

[[package]]
name = "capi-driver"
version = "0.0.0"
dependencies = [
 "capi-ast",
 "capi-common",
 "capi-diagnostics",
 "capi-hir",
 "capi-lexer",
 "capi-lowering",
 "capi-parser",
 "capi-sema",
 "capi-session",
 "capi-source",
]

[[package]]
name = "capi-hir"
version = "0.0.0"
dependencies = [
 "capi-lexer",
 "capi-source",
]

[[package]]
name = "capi-lexer"
version = "0.0.0"
dependencies = [
 "capi-diagnostics",
 "capi-source",
]

[[package]]
name = "capi-lowering"
version = "0.0.0"
dependencies = [
 "capi-ast",
 "capi-diagnostics",
 "capi-hir",
 "capi-lexer",
 "capi-parser",
 "capi-source",
]

[[package]]
name = "capi-parser"
version = "0.0.0"
dependencies = [
 "capi-ast",
 "capi-diagnostics",
 "capi-lexer",
 "capi-source",
]

[[package]]
name = "capi-sema"
version = "0.0.0"
dependencies = [
 "capi-diagnostics",
 "capi-hir",
 "capi-lexer",
 "capi-lowering",
 "capi-parser",
 "capi-source",
]

[[package]]
name = "capi-session"
version = "0.0.0"
dependencies = [
 "capi-diagnostics",
 "capi-source",
]

[[package]]
name = "capi-source"
version = "0.0.0"
dependencies = [
 "capi-common",
]
